// !$*UTF8*$!
{
	archiveVersion = 1;
	classes = {
	};
	objectVersion = 46;
	objects = {

/* Begin PBXBuildFile section */
		6B4B78C17B6664003F8E47F2 /* Pods_showtime.framework in Frameworks */ = {isa = PBXBuildFile; fileRef = B1154AF36871128223D6D9E1 /* Pods_showtime.framework */; };
		760682891DD4D63F00696589 /* SelectArtistViewController.swift in Sources */ = {isa = PBXBuildFile; fileRef = 760682881DD4D63F00696589 /* SelectArtistViewController.swift */; };
		760682901DD4F89F00696589 /* Showtime.xcdatamodeld in Sources */ = {isa = PBXBuildFile; fileRef = 7606828E1DD4F89F00696589 /* Showtime.xcdatamodeld */; };
		760682C31DD71F2400696589 /* CoreDataHelpers.swift in Sources */ = {isa = PBXBuildFile; fileRef = 760682C21DD71F2400696589 /* CoreDataHelpers.swift */; };
		760682C51DD72E1A00696589 /* CoreDataProtocols.swift in Sources */ = {isa = PBXBuildFile; fileRef = 760682C41DD72E1A00696589 /* CoreDataProtocols.swift */; };
		7642FA221DCDC2880050C9EE /* AddConcertViewController.swift in Sources */ = {isa = PBXBuildFile; fileRef = 7642FA211DCDC2880050C9EE /* AddConcertViewController.swift */; };
		7642FA241DCE07BF0050C9EE /* ShowConcertViewController.swift in Sources */ = {isa = PBXBuildFile; fileRef = 7642FA231DCE07BF0050C9EE /* ShowConcertViewController.swift */; };
		765022BF1DCC7DB500D434E6 /* ListConcertsViewController.swift in Sources */ = {isa = PBXBuildFile; fileRef = 765022BE1DCC7DB500D434E6 /* ListConcertsViewController.swift */; };
		765652D61DEB4DD500293E4F /* Concert.swift in Sources */ = {isa = PBXBuildFile; fileRef = 765652D51DEB4DD500293E4F /* Concert.swift */; };
		765652D81DEB4E1B00293E4F /* Venue.swift in Sources */ = {isa = PBXBuildFile; fileRef = 765652D71DEB4E1B00293E4F /* Venue.swift */; };
		765652DA1DEB4E3F00293E4F /* Artist.swift in Sources */ = {isa = PBXBuildFile; fileRef = 765652D91DEB4E3F00293E4F /* Artist.swift */; };
		7659368B1DF091AF0053B3EE /* City.swift in Sources */ = {isa = PBXBuildFile; fileRef = 7659368A1DF091AF0053B3EE /* City.swift */; };
		7659368D1DF0923C0053B3EE /* Country.swift in Sources */ = {isa = PBXBuildFile; fileRef = 7659368C1DF0923C0053B3EE /* Country.swift */; };
		7659368F1DF1FC790053B3EE /* ConcertScope.swift in Sources */ = {isa = PBXBuildFile; fileRef = 7659368E1DF1FC790053B3EE /* ConcertScope.swift */; };
		765936921DF1FE5E0053B3EE /* ListArtistsViewController.swift in Sources */ = {isa = PBXBuildFile; fileRef = 765936911DF1FE5E0053B3EE /* ListArtistsViewController.swift */; };
		765936941DF367450053B3EE /* ListConcertsByArtistViewController.swift in Sources */ = {isa = PBXBuildFile; fileRef = 765936931DF367450053B3EE /* ListConcertsByArtistViewController.swift */; };
		7672B8691DD0DC46004238EF /* SegueHandlerType.swift in Sources */ = {isa = PBXBuildFile; fileRef = 7672B8681DD0DC46004238EF /* SegueHandlerType.swift */; };
		7672B86B1DD0DCA0004238EF /* DataFormatters.swift in Sources */ = {isa = PBXBuildFile; fileRef = 7672B86A1DD0DCA0004238EF /* DataFormatters.swift */; };
		7688B17D1DE4DE1100C9B1B8 /* SearchArtistsViewController.swift in Sources */ = {isa = PBXBuildFile; fileRef = 7688B17C1DE4DE1100C9B1B8 /* SearchArtistsViewController.swift */; };
		768E9E7F1DEDFBBA00FA95B0 /* SearchedVenue.swift in Sources */ = {isa = PBXBuildFile; fileRef = 768E9E7E1DEDFBBA00FA95B0 /* SearchedVenue.swift */; };
		768E9E811DEDFF2700FA95B0 /* SetlistFMAPI+searchArtists.swift in Sources */ = {isa = PBXBuildFile; fileRef = 768E9E801DEDFF2700FA95B0 /* SetlistFMAPI+searchArtists.swift */; };
		768E9E831DEE004700FA95B0 /* SetlistFMAPI+searchSetlists.swift in Sources */ = {isa = PBXBuildFile; fileRef = 768E9E821DEE004700FA95B0 /* SetlistFMAPI+searchSetlists.swift */; };
		768E9E851DEE0A7C00FA95B0 /* SetlistFMAPI+searchVenues.swift in Sources */ = {isa = PBXBuildFile; fileRef = 768E9E841DEE0A7C00FA95B0 /* SetlistFMAPI+searchVenues.swift */; };
		768E9E871DEF615A00FA95B0 /* SearchVenuesViewController.swift in Sources */ = {isa = PBXBuildFile; fileRef = 768E9E861DEF615A00FA95B0 /* SearchVenuesViewController.swift */; };
		76935F751D96CF17004CFDF0 /* AppDelegate.swift in Sources */ = {isa = PBXBuildFile; fileRef = 76935F741D96CF17004CFDF0 /* AppDelegate.swift */; };
		76935F7A1D96CF17004CFDF0 /* Main.storyboard in Resources */ = {isa = PBXBuildFile; fileRef = 76935F781D96CF17004CFDF0 /* Main.storyboard */; };
		76935F7C1D96CF17004CFDF0 /* Assets.xcassets in Resources */ = {isa = PBXBuildFile; fileRef = 76935F7B1D96CF17004CFDF0 /* Assets.xcassets */; };
		76935F7F1D96CF17004CFDF0 /* LaunchScreen.storyboard in Resources */ = {isa = PBXBuildFile; fileRef = 76935F7D1D96CF17004CFDF0 /* LaunchScreen.storyboard */; };
		7697F2361DF3F7E5007C30E0 /* ListVenuesViewController.swift in Sources */ = {isa = PBXBuildFile; fileRef = 7697F2351DF3F7E5007C30E0 /* ListVenuesViewController.swift */; };
		7697F2381DF42395007C30E0 /* Theme.swift in Sources */ = {isa = PBXBuildFile; fileRef = 7697F2371DF42395007C30E0 /* Theme.swift */; };
		7697F23A1DF4322B007C30E0 /* ConcertCell.xib in Resources */ = {isa = PBXBuildFile; fileRef = 7697F2391DF4322B007C30E0 /* ConcertCell.xib */; };
		7697F23C1DF43442007C30E0 /* ConcertCell.swift in Sources */ = {isa = PBXBuildFile; fileRef = 7697F23B1DF43442007C30E0 /* ConcertCell.swift */; };
		76AB57941DF731AC00897A6A /* DashboardViewController.swift in Sources */ = {isa = PBXBuildFile; fileRef = 76AB57931DF731AC00897A6A /* DashboardViewController.swift */; };
		76B057C41DF57D75007E53C3 /* SearchedSetlist.swift in Sources */ = {isa = PBXBuildFile; fileRef = 76B057C31DF57D75007E53C3 /* SearchedSetlist.swift */; };
		76BDB6DC1DEDF4BB007B7461 /* UIElementsAndExtensions.swift in Sources */ = {isa = PBXBuildFile; fileRef = 76BDB6DB1DEDF4BB007B7461 /* UIElementsAndExtensions.swift */; };
		76C424E91DD89290006D5DA5 /* SelectVenueViewController.swift in Sources */ = {isa = PBXBuildFile; fileRef = 76C424E81DD89290006D5DA5 /* SelectVenueViewController.swift */; };
		76CC91A11DF8797800E5FF13 /* MapKit.framework in Frameworks */ = {isa = PBXBuildFile; fileRef = 76CC91A01DF8797800E5FF13 /* MapKit.framework */; };
		76CC91A31DF8878E00E5FF13 /* ListConcertsByVenueViewController.swift in Sources */ = {isa = PBXBuildFile; fileRef = 76CC91A21DF8878E00E5FF13 /* ListConcertsByVenueViewController.swift */; };
		76CC91A51DF9C00B00E5FF13 /* NewDialog.swift in Sources */ = {isa = PBXBuildFile; fileRef = 76CC91A41DF9C00B00E5FF13 /* NewDialog.swift */; };
		76E16F051DDE14FF00EC7ACE /* SetlistFmAPI.swift in Sources */ = {isa = PBXBuildFile; fileRef = 76E16F041DDE14FF00EC7ACE /* SetlistFmAPI.swift */; };
		76E16F071DDE1ACF00EC7ACE /* SetlistFmAPISpecs.swift in Sources */ = {isa = PBXBuildFile; fileRef = 76E16F061DDE1ACF00EC7ACE /* SetlistFmAPISpecs.swift */; };
		76E16F0A1DDE200800EC7ACE /* SetlistFmStore.swift in Sources */ = {isa = PBXBuildFile; fileRef = 76E16F091DDE200800EC7ACE /* SetlistFmStore.swift */; };
		76E16F0D1DDE24B100EC7ACE /* SearchedArtist.swift in Sources */ = {isa = PBXBuildFile; fileRef = 76E16F0C1DDE24B100EC7ACE /* SearchedArtist.swift */; };
		76E4467E1DDA48B2003D258C /* App.swift in Sources */ = {isa = PBXBuildFile; fileRef = 76E4467D1DDA48B2003D258C /* App.swift */; };
		C583764CFBBF1C12EA258FAC /* Pods_showtimeTests.framework in Frameworks */ = {isa = PBXBuildFile; fileRef = D09154557729AB23B60FF804 /* Pods_showtimeTests.framework */; };
/* End PBXBuildFile section */

/* Begin PBXContainerItemProxy section */
		76D354091D98545F00723A61 /* PBXContainerItemProxy */ = {
			isa = PBXContainerItemProxy;
			containerPortal = 76935F691D96CF17004CFDF0 /* Project object */;
			proxyType = 1;
			remoteGlobalIDString = 76935F701D96CF17004CFDF0;
			remoteInfo = showtime;
		};
/* End PBXContainerItemProxy section */

/* Begin PBXFileReference section */
		4B1B1454EC916C90D5A2715F /* Pods-showtimeTests.release.xcconfig */ = {isa = PBXFileReference; includeInIndex = 1; lastKnownFileType = text.xcconfig; name = "Pods-showtimeTests.release.xcconfig"; path = "Pods/Target Support Files/Pods-showtimeTests/Pods-showtimeTests.release.xcconfig"; sourceTree = "<group>"; };
		760682881DD4D63F00696589 /* SelectArtistViewController.swift */ = {isa = PBXFileReference; fileEncoding = 4; lastKnownFileType = sourcecode.swift; path = SelectArtistViewController.swift; sourceTree = "<group>"; };
		7606828F1DD4F89F00696589 /* Showtime.xcdatamodel */ = {isa = PBXFileReference; lastKnownFileType = wrapper.xcdatamodel; path = Showtime.xcdatamodel; sourceTree = "<group>"; };
		760682C21DD71F2400696589 /* CoreDataHelpers.swift */ = {isa = PBXFileReference; fileEncoding = 4; lastKnownFileType = sourcecode.swift; path = CoreDataHelpers.swift; sourceTree = "<group>"; };
		760682C41DD72E1A00696589 /* CoreDataProtocols.swift */ = {isa = PBXFileReference; fileEncoding = 4; lastKnownFileType = sourcecode.swift; path = CoreDataProtocols.swift; sourceTree = "<group>"; };
		7642FA211DCDC2880050C9EE /* AddConcertViewController.swift */ = {isa = PBXFileReference; fileEncoding = 4; lastKnownFileType = sourcecode.swift; path = AddConcertViewController.swift; sourceTree = "<group>"; };
		7642FA231DCE07BF0050C9EE /* ShowConcertViewController.swift */ = {isa = PBXFileReference; fileEncoding = 4; lastKnownFileType = sourcecode.swift; path = ShowConcertViewController.swift; sourceTree = "<group>"; };
		765022BE1DCC7DB500D434E6 /* ListConcertsViewController.swift */ = {isa = PBXFileReference; fileEncoding = 4; lastKnownFileType = sourcecode.swift; path = ListConcertsViewController.swift; sourceTree = "<group>"; };
		765652D51DEB4DD500293E4F /* Concert.swift */ = {isa = PBXFileReference; fileEncoding = 4; lastKnownFileType = sourcecode.swift; path = Concert.swift; sourceTree = "<group>"; };
		765652D71DEB4E1B00293E4F /* Venue.swift */ = {isa = PBXFileReference; fileEncoding = 4; lastKnownFileType = sourcecode.swift; path = Venue.swift; sourceTree = "<group>"; };
		765652D91DEB4E3F00293E4F /* Artist.swift */ = {isa = PBXFileReference; fileEncoding = 4; lastKnownFileType = sourcecode.swift; path = Artist.swift; sourceTree = "<group>"; };
		7659368A1DF091AF0053B3EE /* City.swift */ = {isa = PBXFileReference; fileEncoding = 4; lastKnownFileType = sourcecode.swift; path = City.swift; sourceTree = "<group>"; };
		7659368C1DF0923C0053B3EE /* Country.swift */ = {isa = PBXFileReference; fileEncoding = 4; lastKnownFileType = sourcecode.swift; path = Country.swift; sourceTree = "<group>"; };
		7659368E1DF1FC790053B3EE /* ConcertScope.swift */ = {isa = PBXFileReference; fileEncoding = 4; lastKnownFileType = sourcecode.swift; path = ConcertScope.swift; sourceTree = "<group>"; };
		765936911DF1FE5E0053B3EE /* ListArtistsViewController.swift */ = {isa = PBXFileReference; fileEncoding = 4; lastKnownFileType = sourcecode.swift; path = ListArtistsViewController.swift; sourceTree = "<group>"; };
		765936931DF367450053B3EE /* ListConcertsByArtistViewController.swift */ = {isa = PBXFileReference; fileEncoding = 4; lastKnownFileType = sourcecode.swift; path = ListConcertsByArtistViewController.swift; sourceTree = "<group>"; };
		7672B8681DD0DC46004238EF /* SegueHandlerType.swift */ = {isa = PBXFileReference; fileEncoding = 4; lastKnownFileType = sourcecode.swift; path = SegueHandlerType.swift; sourceTree = "<group>"; };
		7672B86A1DD0DCA0004238EF /* DataFormatters.swift */ = {isa = PBXFileReference; fileEncoding = 4; lastKnownFileType = sourcecode.swift; path = DataFormatters.swift; sourceTree = "<group>"; };
		7688B17C1DE4DE1100C9B1B8 /* SearchArtistsViewController.swift */ = {isa = PBXFileReference; fileEncoding = 4; lastKnownFileType = sourcecode.swift; path = SearchArtistsViewController.swift; sourceTree = "<group>"; };
		768E9E7E1DEDFBBA00FA95B0 /* SearchedVenue.swift */ = {isa = PBXFileReference; fileEncoding = 4; lastKnownFileType = sourcecode.swift; path = SearchedVenue.swift; sourceTree = "<group>"; };
		768E9E801DEDFF2700FA95B0 /* SetlistFMAPI+searchArtists.swift */ = {isa = PBXFileReference; fileEncoding = 4; lastKnownFileType = sourcecode.swift; path = "SetlistFMAPI+searchArtists.swift"; sourceTree = "<group>"; };
		768E9E821DEE004700FA95B0 /* SetlistFMAPI+searchSetlists.swift */ = {isa = PBXFileReference; fileEncoding = 4; lastKnownFileType = sourcecode.swift; path = "SetlistFMAPI+searchSetlists.swift"; sourceTree = "<group>"; };
		768E9E841DEE0A7C00FA95B0 /* SetlistFMAPI+searchVenues.swift */ = {isa = PBXFileReference; fileEncoding = 4; lastKnownFileType = sourcecode.swift; path = "SetlistFMAPI+searchVenues.swift"; sourceTree = "<group>"; };
		768E9E861DEF615A00FA95B0 /* SearchVenuesViewController.swift */ = {isa = PBXFileReference; fileEncoding = 4; lastKnownFileType = sourcecode.swift; path = SearchVenuesViewController.swift; sourceTree = "<group>"; };
		76935F711D96CF17004CFDF0 /* showtime.app */ = {isa = PBXFileReference; explicitFileType = wrapper.application; includeInIndex = 0; path = showtime.app; sourceTree = BUILT_PRODUCTS_DIR; };
		76935F741D96CF17004CFDF0 /* AppDelegate.swift */ = {isa = PBXFileReference; lastKnownFileType = sourcecode.swift; path = AppDelegate.swift; sourceTree = "<group>"; };
		76935F791D96CF17004CFDF0 /* Base */ = {isa = PBXFileReference; lastKnownFileType = file.storyboard; name = Base; path = Base.lproj/Main.storyboard; sourceTree = "<group>"; };
		76935F7B1D96CF17004CFDF0 /* Assets.xcassets */ = {isa = PBXFileReference; lastKnownFileType = folder.assetcatalog; path = Assets.xcassets; sourceTree = "<group>"; };
		76935F7E1D96CF17004CFDF0 /* Base */ = {isa = PBXFileReference; lastKnownFileType = file.storyboard; name = Base; path = Base.lproj/LaunchScreen.storyboard; sourceTree = "<group>"; };
		76935F801D96CF17004CFDF0 /* Info.plist */ = {isa = PBXFileReference; lastKnownFileType = text.plist.xml; path = Info.plist; sourceTree = "<group>"; };
		7697F2351DF3F7E5007C30E0 /* ListVenuesViewController.swift */ = {isa = PBXFileReference; fileEncoding = 4; lastKnownFileType = sourcecode.swift; path = ListVenuesViewController.swift; sourceTree = "<group>"; };
		7697F2371DF42395007C30E0 /* Theme.swift */ = {isa = PBXFileReference; fileEncoding = 4; lastKnownFileType = sourcecode.swift; path = Theme.swift; sourceTree = "<group>"; };
		7697F2391DF4322B007C30E0 /* ConcertCell.xib */ = {isa = PBXFileReference; fileEncoding = 4; lastKnownFileType = file.xib; path = ConcertCell.xib; sourceTree = "<group>"; };
		7697F23B1DF43442007C30E0 /* ConcertCell.swift */ = {isa = PBXFileReference; fileEncoding = 4; lastKnownFileType = sourcecode.swift; path = ConcertCell.swift; sourceTree = "<group>"; };
		76AB57931DF731AC00897A6A /* DashboardViewController.swift */ = {isa = PBXFileReference; fileEncoding = 4; lastKnownFileType = sourcecode.swift; path = DashboardViewController.swift; sourceTree = "<group>"; };
		76B057C31DF57D75007E53C3 /* SearchedSetlist.swift */ = {isa = PBXFileReference; fileEncoding = 4; lastKnownFileType = sourcecode.swift; path = SearchedSetlist.swift; sourceTree = "<group>"; };
		76BDB6DB1DEDF4BB007B7461 /* UIElementsAndExtensions.swift */ = {isa = PBXFileReference; fileEncoding = 4; lastKnownFileType = sourcecode.swift; path = UIElementsAndExtensions.swift; sourceTree = "<group>"; };
		76C424E81DD89290006D5DA5 /* SelectVenueViewController.swift */ = {isa = PBXFileReference; fileEncoding = 4; lastKnownFileType = sourcecode.swift; path = SelectVenueViewController.swift; sourceTree = "<group>"; };
		76CC91A01DF8797800E5FF13 /* MapKit.framework */ = {isa = PBXFileReference; lastKnownFileType = wrapper.framework; name = MapKit.framework; path = System/Library/Frameworks/MapKit.framework; sourceTree = SDKROOT; };
		76CC91A21DF8878E00E5FF13 /* ListConcertsByVenueViewController.swift */ = {isa = PBXFileReference; fileEncoding = 4; lastKnownFileType = sourcecode.swift; path = ListConcertsByVenueViewController.swift; sourceTree = "<group>"; };
		76CC91A41DF9C00B00E5FF13 /* NewDialog.swift */ = {isa = PBXFileReference; fileEncoding = 4; lastKnownFileType = sourcecode.swift; path = NewDialog.swift; sourceTree = "<group>"; };
		76D354041D98545F00723A61 /* showtimeTests.xctest */ = {isa = PBXFileReference; explicitFileType = wrapper.cfbundle; includeInIndex = 0; path = showtimeTests.xctest; sourceTree = BUILT_PRODUCTS_DIR; };
		76D354081D98545F00723A61 /* Info.plist */ = {isa = PBXFileReference; lastKnownFileType = text.plist.xml; path = Info.plist; sourceTree = "<group>"; };
		76E16F041DDE14FF00EC7ACE /* SetlistFmAPI.swift */ = {isa = PBXFileReference; fileEncoding = 4; lastKnownFileType = sourcecode.swift; path = SetlistFmAPI.swift; sourceTree = "<group>"; };
		76E16F061DDE1ACF00EC7ACE /* SetlistFmAPISpecs.swift */ = {isa = PBXFileReference; fileEncoding = 4; lastKnownFileType = sourcecode.swift; path = SetlistFmAPISpecs.swift; sourceTree = "<group>"; };
		76E16F081DDE1B2C00EC7ACE /* showtimeTests-Bridging-Header.h */ = {isa = PBXFileReference; lastKnownFileType = sourcecode.c.h; path = "showtimeTests-Bridging-Header.h"; sourceTree = "<group>"; };
		76E16F091DDE200800EC7ACE /* SetlistFmStore.swift */ = {isa = PBXFileReference; fileEncoding = 4; lastKnownFileType = sourcecode.swift; path = SetlistFmStore.swift; sourceTree = "<group>"; };
		76E16F0C1DDE24B100EC7ACE /* SearchedArtist.swift */ = {isa = PBXFileReference; fileEncoding = 4; lastKnownFileType = sourcecode.swift; path = SearchedArtist.swift; sourceTree = "<group>"; };
		76E4467D1DDA48B2003D258C /* App.swift */ = {isa = PBXFileReference; fileEncoding = 4; lastKnownFileType = sourcecode.swift; path = App.swift; sourceTree = "<group>"; };
		76F74B211DD24F32005CEA32 /* DVR.framework */ = {isa = PBXFileReference; lastKnownFileType = wrapper.framework; path = DVR.framework; sourceTree = "<group>"; };
		B1154AF36871128223D6D9E1 /* Pods_showtime.framework */ = {isa = PBXFileReference; explicitFileType = wrapper.framework; includeInIndex = 0; path = Pods_showtime.framework; sourceTree = BUILT_PRODUCTS_DIR; };
		D09154557729AB23B60FF804 /* Pods_showtimeTests.framework */ = {isa = PBXFileReference; explicitFileType = wrapper.framework; includeInIndex = 0; path = Pods_showtimeTests.framework; sourceTree = BUILT_PRODUCTS_DIR; };
		E4F1DCE78CC84402AEEC4A64 /* Pods-showtime.debug.xcconfig */ = {isa = PBXFileReference; includeInIndex = 1; lastKnownFileType = text.xcconfig; name = "Pods-showtime.debug.xcconfig"; path = "Pods/Target Support Files/Pods-showtime/Pods-showtime.debug.xcconfig"; sourceTree = "<group>"; };
		EF57E3336F719AF6A2AC501E /* Pods-showtimeTests.debug.xcconfig */ = {isa = PBXFileReference; includeInIndex = 1; lastKnownFileType = text.xcconfig; name = "Pods-showtimeTests.debug.xcconfig"; path = "Pods/Target Support Files/Pods-showtimeTests/Pods-showtimeTests.debug.xcconfig"; sourceTree = "<group>"; };
		F5013ECD646BC81522390CF2 /* Pods-showtime.release.xcconfig */ = {isa = PBXFileReference; includeInIndex = 1; lastKnownFileType = text.xcconfig; name = "Pods-showtime.release.xcconfig"; path = "Pods/Target Support Files/Pods-showtime/Pods-showtime.release.xcconfig"; sourceTree = "<group>"; };
/* End PBXFileReference section */

/* Begin PBXFrameworksBuildPhase section */
		76935F6E1D96CF17004CFDF0 /* Frameworks */ = {
			isa = PBXFrameworksBuildPhase;
			buildActionMask = 2147483647;
			files = (
				76CC91A11DF8797800E5FF13 /* MapKit.framework in Frameworks */,
				6B4B78C17B6664003F8E47F2 /* Pods_showtime.framework in Frameworks */,
			);
			runOnlyForDeploymentPostprocessing = 0;
		};
		76D354011D98545F00723A61 /* Frameworks */ = {
			isa = PBXFrameworksBuildPhase;
			buildActionMask = 2147483647;
			files = (
				C583764CFBBF1C12EA258FAC /* Pods_showtimeTests.framework in Frameworks */,
			);
			runOnlyForDeploymentPostprocessing = 0;
		};
/* End PBXFrameworksBuildPhase section */

/* Begin PBXGroup section */
		462CAEA85E83BE23FB83E4C5 /* Pods */ = {
			isa = PBXGroup;
			children = (
				E4F1DCE78CC84402AEEC4A64 /* Pods-showtime.debug.xcconfig */,
				F5013ECD646BC81522390CF2 /* Pods-showtime.release.xcconfig */,
				EF57E3336F719AF6A2AC501E /* Pods-showtimeTests.debug.xcconfig */,
				4B1B1454EC916C90D5A2715F /* Pods-showtimeTests.release.xcconfig */,
			);
			name = Pods;
			sourceTree = "<group>";
		};
		52AA6185F994ABA8F3C52496 /* Frameworks */ = {
			isa = PBXGroup;
			children = (
				76CC91A01DF8797800E5FF13 /* MapKit.framework */,
				76F74B211DD24F32005CEA32 /* DVR.framework */,
				B1154AF36871128223D6D9E1 /* Pods_showtime.framework */,
				D09154557729AB23B60FF804 /* Pods_showtimeTests.framework */,
			);
			name = Frameworks;
			sourceTree = "<group>";
		};
		7606828A1DD4EDE400696589 /* Support */ = {
			isa = PBXGroup;
			children = (
				7672B86A1DD0DCA0004238EF /* DataFormatters.swift */,
				76BDB6DB1DEDF4BB007B7461 /* UIElementsAndExtensions.swift */,
				76CC91A41DF9C00B00E5FF13 /* NewDialog.swift */,
			);
			name = Support;
			sourceTree = "<group>";
		};
		7606828B1DD4EDF900696589 /* Protocols */ = {
			isa = PBXGroup;
			children = (
				7672B8681DD0DC46004238EF /* SegueHandlerType.swift */,
			);
			name = Protocols;
			sourceTree = "<group>";
		};
		7606828C1DD4EE0B00696589 /* ViewControllers */ = {
			isa = PBXGroup;
			children = (
				7642FA211DCDC2880050C9EE /* AddConcertViewController.swift */,
				76AB57931DF731AC00897A6A /* DashboardViewController.swift */,
				765936911DF1FE5E0053B3EE /* ListArtistsViewController.swift */,
				765936931DF367450053B3EE /* ListConcertsByArtistViewController.swift */,
				76CC91A21DF8878E00E5FF13 /* ListConcertsByVenueViewController.swift */,
				765022BE1DCC7DB500D434E6 /* ListConcertsViewController.swift */,
				7697F2351DF3F7E5007C30E0 /* ListVenuesViewController.swift */,
				760682881DD4D63F00696589 /* SelectArtistViewController.swift */,
				76C424E81DD89290006D5DA5 /* SelectVenueViewController.swift */,
				7642FA231DCE07BF0050C9EE /* ShowConcertViewController.swift */,
				7688B17C1DE4DE1100C9B1B8 /* SearchArtistsViewController.swift */,
				768E9E861DEF615A00FA95B0 /* SearchVenuesViewController.swift */,
			);
			name = ViewControllers;
			sourceTree = "<group>";
		};
		7606828D1DD4F88400696589 /* Core Data */ = {
			isa = PBXGroup;
			children = (
				760682C21DD71F2400696589 /* CoreDataHelpers.swift */,
				7606828E1DD4F89F00696589 /* Showtime.xcdatamodeld */,
				760682C41DD72E1A00696589 /* CoreDataProtocols.swift */,
			);
			name = "Core Data";
			sourceTree = "<group>";
		};
		765652DB1DEB4E6700293E4F /* Models */ = {
			isa = PBXGroup;
			children = (
				765652D91DEB4E3F00293E4F /* Artist.swift */,
				765652D71DEB4E1B00293E4F /* Venue.swift */,
				7659368A1DF091AF0053B3EE /* City.swift */,
				7659368C1DF0923C0053B3EE /* Country.swift */,
				765652D51DEB4DD500293E4F /* Concert.swift */,
			);
			name = Models;
			sourceTree = "<group>";
		};
		765936901DF1FC8B0053B3EE /* Utility */ = {
			isa = PBXGroup;
			children = (
				7659368E1DF1FC790053B3EE /* ConcertScope.swift */,
			);
			name = Utility;
			sourceTree = "<group>";
		};
		7688B1841DE9D81F00C9B1B8 /* Views */ = {
			isa = PBXGroup;
			children = (
				76935F781D96CF17004CFDF0 /* Main.storyboard */,
				76935F7D1D96CF17004CFDF0 /* LaunchScreen.storyboard */,
				7697F2391DF4322B007C30E0 /* ConcertCell.xib */,
				7697F23B1DF43442007C30E0 /* ConcertCell.swift */,
			);
			name = Views;
			sourceTree = "<group>";
		};
		76935F681D96CF17004CFDF0 = {
			isa = PBXGroup;
			children = (
				76935F731D96CF17004CFDF0 /* showtime */,
				76D354051D98545F00723A61 /* showtimeTests */,
				76935F721D96CF17004CFDF0 /* Products */,
				462CAEA85E83BE23FB83E4C5 /* Pods */,
				52AA6185F994ABA8F3C52496 /* Frameworks */,
			);
			sourceTree = "<group>";
		};
		76935F721D96CF17004CFDF0 /* Products */ = {
			isa = PBXGroup;
			children = (
				76935F711D96CF17004CFDF0 /* showtime.app */,
				76D354041D98545F00723A61 /* showtimeTests.xctest */,
			);
			name = Products;
			sourceTree = "<group>";
		};
		76935F731D96CF17004CFDF0 /* showtime */ = {
			isa = PBXGroup;
			children = (
				76E16F0B1DDE236A00EC7ACE /* API */,
				7606828D1DD4F88400696589 /* Core Data */,
				765652DB1DEB4E6700293E4F /* Models */,
				7606828B1DD4EDF900696589 /* Protocols */,
				7606828A1DD4EDE400696589 /* Support */,
				765936901DF1FC8B0053B3EE /* Utility */,
				7606828C1DD4EE0B00696589 /* ViewControllers */,
				7688B1841DE9D81F00C9B1B8 /* Views */,
				76E4467D1DDA48B2003D258C /* App.swift */,
				76935F741D96CF17004CFDF0 /* AppDelegate.swift */,
				7697F2371DF42395007C30E0 /* Theme.swift */,
				76935F7B1D96CF17004CFDF0 /* Assets.xcassets */,
				76935F801D96CF17004CFDF0 /* Info.plist */,
			);
			path = showtime;
			sourceTree = "<group>";
		};
		76D354051D98545F00723A61 /* showtimeTests */ = {
			isa = PBXGroup;
			children = (
				76D354081D98545F00723A61 /* Info.plist */,
				76E16F061DDE1ACF00EC7ACE /* SetlistFmAPISpecs.swift */,
				76E16F081DDE1B2C00EC7ACE /* showtimeTests-Bridging-Header.h */,
			);
			path = showtimeTests;
			sourceTree = "<group>";
		};
		76E16F0B1DDE236A00EC7ACE /* API */ = {
			isa = PBXGroup;
			children = (
				76E16F041DDE14FF00EC7ACE /* SetlistFmAPI.swift */,
				768E9E801DEDFF2700FA95B0 /* SetlistFMAPI+searchArtists.swift */,
				768E9E821DEE004700FA95B0 /* SetlistFMAPI+searchSetlists.swift */,
				768E9E841DEE0A7C00FA95B0 /* SetlistFMAPI+searchVenues.swift */,
				76E16F091DDE200800EC7ACE /* SetlistFmStore.swift */,
				76E16F0C1DDE24B100EC7ACE /* SearchedArtist.swift */,
				76B057C31DF57D75007E53C3 /* SearchedSetlist.swift */,
				768E9E7E1DEDFBBA00FA95B0 /* SearchedVenue.swift */,
			);
			name = API;
			sourceTree = "<group>";
		};
/* End PBXGroup section */

/* Begin PBXNativeTarget section */
		76935F701D96CF17004CFDF0 /* showtime */ = {
			isa = PBXNativeTarget;
			buildConfigurationList = 76935F831D96CF17004CFDF0 /* Build configuration list for PBXNativeTarget "showtime" */;
			buildPhases = (
				F58152B23BF42626473B11F3 /* [CP] Check Pods Manifest.lock */,
				76935F6D1D96CF17004CFDF0 /* Sources */,
				76935F6E1D96CF17004CFDF0 /* Frameworks */,
				76935F6F1D96CF17004CFDF0 /* Resources */,
				0183D4A539EDE2ABE655FD69 /* [CP] Embed Pods Frameworks */,
				90894E8746317C0FE3E30233 /* [CP] Copy Pods Resources */,
			);
			buildRules = (
			);
			dependencies = (
			);
			name = showtime;
			productName = showtime;
			productReference = 76935F711D96CF17004CFDF0 /* showtime.app */;
			productType = "com.apple.product-type.application";
		};
		76D354031D98545F00723A61 /* showtimeTests */ = {
			isa = PBXNativeTarget;
			buildConfigurationList = 76D3540D1D98545F00723A61 /* Build configuration list for PBXNativeTarget "showtimeTests" */;
			buildPhases = (
				D6559D99795A02EF8DB3A774 /* [CP] Check Pods Manifest.lock */,
				76D354001D98545F00723A61 /* Sources */,
				76D354011D98545F00723A61 /* Frameworks */,
				76D354021D98545F00723A61 /* Resources */,
				2AB75C1CA9A36EF96D57052C /* [CP] Embed Pods Frameworks */,
				8C32C6AF1D22A2E1C42E2677 /* [CP] Copy Pods Resources */,
			);
			buildRules = (
			);
			dependencies = (
				76D3540A1D98545F00723A61 /* PBXTargetDependency */,
			);
			name = showtimeTests;
			productName = showtimeTests;
			productReference = 76D354041D98545F00723A61 /* showtimeTests.xctest */;
			productType = "com.apple.product-type.bundle.unit-test";
		};
/* End PBXNativeTarget section */

/* Begin PBXProject section */
		76935F691D96CF17004CFDF0 /* Project object */ = {
			isa = PBXProject;
			attributes = {
				LastSwiftUpdateCheck = 0800;
				LastUpgradeCheck = 0810;
				ORGANIZATIONNAME = UOC;
				TargetAttributes = {
					76935F701D96CF17004CFDF0 = {
						CreatedOnToolsVersion = 8.0;
						DevelopmentTeam = G5L772F28R;
						ProvisioningStyle = Automatic;
					};
					76D354031D98545F00723A61 = {
						CreatedOnToolsVersion = 8.0;
						DevelopmentTeam = G5L772F28R;
						LastSwiftMigration = 0800;
						ProvisioningStyle = Automatic;
						TestTargetID = 76935F701D96CF17004CFDF0;
					};
				};
			};
			buildConfigurationList = 76935F6C1D96CF17004CFDF0 /* Build configuration list for PBXProject "showtime" */;
			compatibilityVersion = "Xcode 3.2";
			developmentRegion = English;
			hasScannedForEncodings = 0;
			knownRegions = (
				en,
				Base,
			);
			mainGroup = 76935F681D96CF17004CFDF0;
			productRefGroup = 76935F721D96CF17004CFDF0 /* Products */;
			projectDirPath = "";
			projectRoot = "";
			targets = (
				76935F701D96CF17004CFDF0 /* showtime */,
				76D354031D98545F00723A61 /* showtimeTests */,
			);
		};
/* End PBXProject section */

/* Begin PBXResourcesBuildPhase section */
		76935F6F1D96CF17004CFDF0 /* Resources */ = {
			isa = PBXResourcesBuildPhase;
			buildActionMask = 2147483647;
			files = (
				76935F7F1D96CF17004CFDF0 /* LaunchScreen.storyboard in Resources */,
				76935F7C1D96CF17004CFDF0 /* Assets.xcassets in Resources */,
				7697F23A1DF4322B007C30E0 /* ConcertCell.xib in Resources */,
				76935F7A1D96CF17004CFDF0 /* Main.storyboard in Resources */,
			);
			runOnlyForDeploymentPostprocessing = 0;
		};
		76D354021D98545F00723A61 /* Resources */ = {
			isa = PBXResourcesBuildPhase;
			buildActionMask = 2147483647;
			files = (
			);
			runOnlyForDeploymentPostprocessing = 0;
		};
/* End PBXResourcesBuildPhase section */

/* Begin PBXShellScriptBuildPhase section */
		0183D4A539EDE2ABE655FD69 /* [CP] Embed Pods Frameworks */ = {
			isa = PBXShellScriptBuildPhase;
			buildActionMask = 2147483647;
			files = (
			);
			inputPaths = (
			);
			name = "[CP] Embed Pods Frameworks";
			outputPaths = (
			);
			runOnlyForDeploymentPostprocessing = 0;
			shellPath = /bin/sh;
			shellScript = "\"${SRCROOT}/Pods/Target Support Files/Pods-showtime/Pods-showtime-frameworks.sh\"\n";
			showEnvVarsInLog = 0;
		};
		2AB75C1CA9A36EF96D57052C /* [CP] Embed Pods Frameworks */ = {
			isa = PBXShellScriptBuildPhase;
			buildActionMask = 2147483647;
			files = (
			);
			inputPaths = (
			);
			name = "[CP] Embed Pods Frameworks";
			outputPaths = (
			);
			runOnlyForDeploymentPostprocessing = 0;
			shellPath = /bin/sh;
			shellScript = "\"${SRCROOT}/Pods/Target Support Files/Pods-showtimeTests/Pods-showtimeTests-frameworks.sh\"\n";
			showEnvVarsInLog = 0;
		};
		8C32C6AF1D22A2E1C42E2677 /* [CP] Copy Pods Resources */ = {
			isa = PBXShellScriptBuildPhase;
			buildActionMask = 2147483647;
			files = (
			);
			inputPaths = (
			);
			name = "[CP] Copy Pods Resources";
			outputPaths = (
			);
			runOnlyForDeploymentPostprocessing = 0;
			shellPath = /bin/sh;
			shellScript = "\"${SRCROOT}/Pods/Target Support Files/Pods-showtimeTests/Pods-showtimeTests-resources.sh\"\n";
			showEnvVarsInLog = 0;
		};
		90894E8746317C0FE3E30233 /* [CP] Copy Pods Resources */ = {
			isa = PBXShellScriptBuildPhase;
			buildActionMask = 2147483647;
			files = (
			);
			inputPaths = (
			);
			name = "[CP] Copy Pods Resources";
			outputPaths = (
			);
			runOnlyForDeploymentPostprocessing = 0;
			shellPath = /bin/sh;
			shellScript = "\"${SRCROOT}/Pods/Target Support Files/Pods-showtime/Pods-showtime-resources.sh\"\n";
			showEnvVarsInLog = 0;
		};
		D6559D99795A02EF8DB3A774 /* [CP] Check Pods Manifest.lock */ = {
			isa = PBXShellScriptBuildPhase;
			buildActionMask = 2147483647;
			files = (
			);
			inputPaths = (
			);
			name = "[CP] Check Pods Manifest.lock";
			outputPaths = (
			);
			runOnlyForDeploymentPostprocessing = 0;
			shellPath = /bin/sh;
			shellScript = "diff \"${PODS_ROOT}/../Podfile.lock\" \"${PODS_ROOT}/Manifest.lock\" > /dev/null\nif [ $? != 0 ] ; then\n    # print error to STDERR\n    echo \"error: The sandbox is not in sync with the Podfile.lock. Run 'pod install' or update your CocoaPods installation.\" >&2\n    exit 1\nfi\n";
			showEnvVarsInLog = 0;
		};
		F58152B23BF42626473B11F3 /* [CP] Check Pods Manifest.lock */ = {
			isa = PBXShellScriptBuildPhase;
			buildActionMask = 2147483647;
			files = (
			);
			inputPaths = (
			);
			name = "[CP] Check Pods Manifest.lock";
			outputPaths = (
			);
			runOnlyForDeploymentPostprocessing = 0;
			shellPath = /bin/sh;
			shellScript = "diff \"${PODS_ROOT}/../Podfile.lock\" \"${PODS_ROOT}/Manifest.lock\" > /dev/null\nif [ $? != 0 ] ; then\n    # print error to STDERR\n    echo \"error: The sandbox is not in sync with the Podfile.lock. Run 'pod install' or update your CocoaPods installation.\" >&2\n    exit 1\nfi\n";
			showEnvVarsInLog = 0;
		};
/* End PBXShellScriptBuildPhase section */

/* Begin PBXSourcesBuildPhase section */
		76935F6D1D96CF17004CFDF0 /* Sources */ = {
			isa = PBXSourcesBuildPhase;
			buildActionMask = 2147483647;
			files = (
				7659368D1DF0923C0053B3EE /* Country.swift in Sources */,
				7688B17D1DE4DE1100C9B1B8 /* SearchArtistsViewController.swift in Sources */,
				765652D81DEB4E1B00293E4F /* Venue.swift in Sources */,
				7659368B1DF091AF0053B3EE /* City.swift in Sources */,
				76CC91A31DF8878E00E5FF13 /* ListConcertsByVenueViewController.swift in Sources */,
				76E4467E1DDA48B2003D258C /* App.swift in Sources */,
				76C424E91DD89290006D5DA5 /* SelectVenueViewController.swift in Sources */,
				7672B86B1DD0DCA0004238EF /* DataFormatters.swift in Sources */,
				765652D61DEB4DD500293E4F /* Concert.swift in Sources */,
				765652DA1DEB4E3F00293E4F /* Artist.swift in Sources */,
				7642FA241DCE07BF0050C9EE /* ShowConcertViewController.swift in Sources */,
				7697F2361DF3F7E5007C30E0 /* ListVenuesViewController.swift in Sources */,
				760682891DD4D63F00696589 /* SelectArtistViewController.swift in Sources */,
				760682C31DD71F2400696589 /* CoreDataHelpers.swift in Sources */,
				76935F751D96CF17004CFDF0 /* AppDelegate.swift in Sources */,
				765936921DF1FE5E0053B3EE /* ListArtistsViewController.swift in Sources */,
				7697F2381DF42395007C30E0 /* Theme.swift in Sources */,
				765022BF1DCC7DB500D434E6 /* ListConcertsViewController.swift in Sources */,
				76BDB6DC1DEDF4BB007B7461 /* UIElementsAndExtensions.swift in Sources */,
				76B057C41DF57D75007E53C3 /* SearchedSetlist.swift in Sources */,
				768E9E871DEF615A00FA95B0 /* SearchVenuesViewController.swift in Sources */,
				768E9E7F1DEDFBBA00FA95B0 /* SearchedVenue.swift in Sources */,
				765936941DF367450053B3EE /* ListConcertsByArtistViewController.swift in Sources */,
				768E9E831DEE004700FA95B0 /* SetlistFMAPI+searchSetlists.swift in Sources */,
				76E16F0A1DDE200800EC7ACE /* SetlistFmStore.swift in Sources */,
				76CC91A51DF9C00B00E5FF13 /* NewDialog.swift in Sources */,
				768E9E851DEE0A7C00FA95B0 /* SetlistFMAPI+searchVenues.swift in Sources */,
				760682C51DD72E1A00696589 /* CoreDataProtocols.swift in Sources */,
				768E9E811DEDFF2700FA95B0 /* SetlistFMAPI+searchArtists.swift in Sources */,
				760682901DD4F89F00696589 /* Showtime.xcdatamodeld in Sources */,
				7672B8691DD0DC46004238EF /* SegueHandlerType.swift in Sources */,
				7642FA221DCDC2880050C9EE /* AddConcertViewController.swift in Sources */,
				76AB57941DF731AC00897A6A /* DashboardViewController.swift in Sources */,
				76E16F051DDE14FF00EC7ACE /* SetlistFmAPI.swift in Sources */,
				76E16F0D1DDE24B100EC7ACE /* SearchedArtist.swift in Sources */,
				7697F23C1DF43442007C30E0 /* ConcertCell.swift in Sources */,
				7659368F1DF1FC790053B3EE /* ConcertScope.swift in Sources */,
			);
			runOnlyForDeploymentPostprocessing = 0;
		};
		76D354001D98545F00723A61 /* Sources */ = {
			isa = PBXSourcesBuildPhase;
			buildActionMask = 2147483647;
			files = (
				76E16F071DDE1ACF00EC7ACE /* SetlistFmAPISpecs.swift in Sources */,
			);
			runOnlyForDeploymentPostprocessing = 0;
		};
/* End PBXSourcesBuildPhase section */

/* Begin PBXTargetDependency section */
		76D3540A1D98545F00723A61 /* PBXTargetDependency */ = {
			isa = PBXTargetDependency;
			target = 76935F701D96CF17004CFDF0 /* showtime */;
			targetProxy = 76D354091D98545F00723A61 /* PBXContainerItemProxy */;
		};
/* End PBXTargetDependency section */

/* Begin PBXVariantGroup section */
		76935F781D96CF17004CFDF0 /* Main.storyboard */ = {
			isa = PBXVariantGroup;
			children = (
				76935F791D96CF17004CFDF0 /* Base */,
			);
			name = Main.storyboard;
			sourceTree = "<group>";
		};
		76935F7D1D96CF17004CFDF0 /* LaunchScreen.storyboard */ = {
			isa = PBXVariantGroup;
			children = (
				76935F7E1D96CF17004CFDF0 /* Base */,
			);
			name = LaunchScreen.storyboard;
			sourceTree = "<group>";
		};
/* End PBXVariantGroup section */

/* Begin XCBuildConfiguration section */
		76935F811D96CF17004CFDF0 /* Debug */ = {
			isa = XCBuildConfiguration;
			buildSettings = {
				ALWAYS_SEARCH_USER_PATHS = NO;
				CLANG_ANALYZER_NONNULL = YES;
				CLANG_CXX_LANGUAGE_STANDARD = "gnu++0x";
				CLANG_CXX_LIBRARY = "libc++";
				CLANG_ENABLE_MODULES = YES;
				CLANG_ENABLE_OBJC_ARC = YES;
				CLANG_WARN_BOOL_CONVERSION = YES;
				CLANG_WARN_CONSTANT_CONVERSION = YES;
				CLANG_WARN_DIRECT_OBJC_ISA_USAGE = YES_ERROR;
				CLANG_WARN_DOCUMENTATION_COMMENTS = YES;
				CLANG_WARN_EMPTY_BODY = YES;
				CLANG_WARN_ENUM_CONVERSION = YES;
				CLANG_WARN_INFINITE_RECURSION = YES;
				CLANG_WARN_INT_CONVERSION = YES;
				CLANG_WARN_OBJC_ROOT_CLASS = YES_ERROR;
				CLANG_WARN_SUSPICIOUS_MOVES = YES;
				CLANG_WARN_UNREACHABLE_CODE = YES;
				CLANG_WARN__DUPLICATE_METHOD_MATCH = YES;
				"CODE_SIGN_IDENTITY[sdk=iphoneos*]" = "iPhone Developer";
				COPY_PHASE_STRIP = NO;
				DEBUG_INFORMATION_FORMAT = dwarf;
				ENABLE_STRICT_OBJC_MSGSEND = YES;
				ENABLE_TESTABILITY = YES;
				GCC_C_LANGUAGE_STANDARD = gnu99;
				GCC_DYNAMIC_NO_PIC = NO;
				GCC_NO_COMMON_BLOCKS = YES;
				GCC_OPTIMIZATION_LEVEL = 0;
				GCC_PREPROCESSOR_DEFINITIONS = (
					"DEBUG=1",
					"$(inherited)",
				);
				GCC_WARN_64_TO_32_BIT_CONVERSION = YES;
				GCC_WARN_ABOUT_RETURN_TYPE = YES_ERROR;
				GCC_WARN_UNDECLARED_SELECTOR = YES;
				GCC_WARN_UNINITIALIZED_AUTOS = YES_AGGRESSIVE;
				GCC_WARN_UNUSED_FUNCTION = YES;
				GCC_WARN_UNUSED_VARIABLE = YES;
				IPHONEOS_DEPLOYMENT_TARGET = 10.0;
				MTL_ENABLE_DEBUG_INFO = YES;
				ONLY_ACTIVE_ARCH = YES;
				SDKROOT = iphoneos;
				SWIFT_ACTIVE_COMPILATION_CONDITIONS = DEBUG;
				SWIFT_OPTIMIZATION_LEVEL = "-Onone";
			};
			name = Debug;
		};
		76935F821D96CF17004CFDF0 /* Release */ = {
			isa = XCBuildConfiguration;
			buildSettings = {
				ALWAYS_SEARCH_USER_PATHS = NO;
				CLANG_ANALYZER_NONNULL = YES;
				CLANG_CXX_LANGUAGE_STANDARD = "gnu++0x";
				CLANG_CXX_LIBRARY = "libc++";
				CLANG_ENABLE_MODULES = YES;
				CLANG_ENABLE_OBJC_ARC = YES;
				CLANG_WARN_BOOL_CONVERSION = YES;
				CLANG_WARN_CONSTANT_CONVERSION = YES;
				CLANG_WARN_DIRECT_OBJC_ISA_USAGE = YES_ERROR;
				CLANG_WARN_DOCUMENTATION_COMMENTS = YES;
				CLANG_WARN_EMPTY_BODY = YES;
				CLANG_WARN_ENUM_CONVERSION = YES;
				CLANG_WARN_INFINITE_RECURSION = YES;
				CLANG_WARN_INT_CONVERSION = YES;
				CLANG_WARN_OBJC_ROOT_CLASS = YES_ERROR;
				CLANG_WARN_SUSPICIOUS_MOVES = YES;
				CLANG_WARN_UNREACHABLE_CODE = YES;
				CLANG_WARN__DUPLICATE_METHOD_MATCH = YES;
				"CODE_SIGN_IDENTITY[sdk=iphoneos*]" = "iPhone Developer";
				COPY_PHASE_STRIP = NO;
				DEBUG_INFORMATION_FORMAT = "dwarf-with-dsym";
				ENABLE_NS_ASSERTIONS = NO;
				ENABLE_STRICT_OBJC_MSGSEND = YES;
				GCC_C_LANGUAGE_STANDARD = gnu99;
				GCC_NO_COMMON_BLOCKS = YES;
				GCC_WARN_64_TO_32_BIT_CONVERSION = YES;
				GCC_WARN_ABOUT_RETURN_TYPE = YES_ERROR;
				GCC_WARN_UNDECLARED_SELECTOR = YES;
				GCC_WARN_UNINITIALIZED_AUTOS = YES_AGGRESSIVE;
				GCC_WARN_UNUSED_FUNCTION = YES;
				GCC_WARN_UNUSED_VARIABLE = YES;
				IPHONEOS_DEPLOYMENT_TARGET = 10.0;
				MTL_ENABLE_DEBUG_INFO = NO;
				SDKROOT = iphoneos;
				SWIFT_OPTIMIZATION_LEVEL = "-Owholemodule";
				VALIDATE_PRODUCT = YES;
			};
			name = Release;
		};
		76935F841D96CF17004CFDF0 /* Debug */ = {
			isa = XCBuildConfiguration;
			baseConfigurationReference = E4F1DCE78CC84402AEEC4A64 /* Pods-showtime.debug.xcconfig */;
			buildSettings = {
				ASSETCATALOG_COMPILER_APPICON_NAME = AppIcon;
				DEVELOPMENT_TEAM = G5L772F28R;
				INFOPLIST_FILE = showtime/Info.plist;
				LD_RUNPATH_SEARCH_PATHS = "$(inherited) @executable_path/Frameworks";
				PRODUCT_BUNDLE_IDENTIFIER = edu.uoc.isolanop.showtime;
				PRODUCT_NAME = "$(TARGET_NAME)";
				SWIFT_VERSION = 3.0;
			};
			name = Debug;
		};
		76935F851D96CF17004CFDF0 /* Release */ = {
			isa = XCBuildConfiguration;
			baseConfigurationReference = F5013ECD646BC81522390CF2 /* Pods-showtime.release.xcconfig */;
			buildSettings = {
				ASSETCATALOG_COMPILER_APPICON_NAME = AppIcon;
				DEVELOPMENT_TEAM = G5L772F28R;
				INFOPLIST_FILE = showtime/Info.plist;
				LD_RUNPATH_SEARCH_PATHS = "$(inherited) @executable_path/Frameworks";
				PRODUCT_BUNDLE_IDENTIFIER = edu.uoc.isolanop.showtime;
				PRODUCT_NAME = "$(TARGET_NAME)";
				SWIFT_VERSION = 3.0;
			};
			name = Release;
		};
		76D3540B1D98545F00723A61 /* Debug */ = {
			isa = XCBuildConfiguration;
			baseConfigurationReference = EF57E3336F719AF6A2AC501E /* Pods-showtimeTests.debug.xcconfig */;
			buildSettings = {
				BUNDLE_LOADER = "$(TEST_HOST)";
				CLANG_ENABLE_MODULES = YES;
				DEVELOPMENT_TEAM = G5L772F28R;
				FRAMEWORK_SEARCH_PATHS = (
					"$(inherited)",
					"$(PROJECT_DIR)",
				);
				INFOPLIST_FILE = showtimeTests/Info.plist;
				LD_RUNPATH_SEARCH_PATHS = "$(inherited) @executable_path/Frameworks @loader_path/Frameworks";
				PRODUCT_BUNDLE_IDENTIFIER = edu.uoc.isolanop.showtimeTests;
				PRODUCT_NAME = "$(TARGET_NAME)";
				SWIFT_OBJC_BRIDGING_HEADER = "showtimeTests/showtimeTests-Bridging-Header.h";
				SWIFT_OPTIMIZATION_LEVEL = "-Onone";
				SWIFT_VERSION = 3.0;
				TEST_HOST = "$(BUILT_PRODUCTS_DIR)/showtime.app/showtime";
			};
			name = Debug;
		};
		76D3540C1D98545F00723A61 /* Release */ = {
			isa = XCBuildConfiguration;
			baseConfigurationReference = 4B1B1454EC916C90D5A2715F /* Pods-showtimeTests.release.xcconfig */;
			buildSettings = {
				BUNDLE_LOADER = "$(TEST_HOST)";
				CLANG_ENABLE_MODULES = YES;
				DEVELOPMENT_TEAM = G5L772F28R;
				FRAMEWORK_SEARCH_PATHS = (
					"$(inherited)",
					"$(PROJECT_DIR)",
				);
				INFOPLIST_FILE = showtimeTests/Info.plist;
				LD_RUNPATH_SEARCH_PATHS = "$(inherited) @executable_path/Frameworks @loader_path/Frameworks";
				PRODUCT_BUNDLE_IDENTIFIER = edu.uoc.isolanop.showtimeTests;
				PRODUCT_NAME = "$(TARGET_NAME)";
				SWIFT_OBJC_BRIDGING_HEADER = "showtimeTests/showtimeTests-Bridging-Header.h";
				SWIFT_VERSION = 3.0;
				TEST_HOST = "$(BUILT_PRODUCTS_DIR)/showtime.app/showtime";
			};
			name = Release;
		};
/* End XCBuildConfiguration section */

/* Begin XCConfigurationList section */
		76935F6C1D96CF17004CFDF0 /* Build configuration list for PBXProject "showtime" */ = {
			isa = XCConfigurationList;
			buildConfigurations = (
				76935F811D96CF17004CFDF0 /* Debug */,
				76935F821D96CF17004CFDF0 /* Release */,
			);
			defaultConfigurationIsVisible = 0;
			defaultConfigurationName = Release;
		};
		76935F831D96CF17004CFDF0 /* Build configuration list for PBXNativeTarget "showtime" */ = {
			isa = XCConfigurationList;
			buildConfigurations = (
				76935F841D96CF17004CFDF0 /* Debug */,
				76935F851D96CF17004CFDF0 /* Release */,
			);
			defaultConfigurationIsVisible = 0;
			defaultConfigurationName = Release;
		};
		76D3540D1D98545F00723A61 /* Build configuration list for PBXNativeTarget "showtimeTests" */ = {
			isa = XCConfigurationList;
			buildConfigurations = (
				76D3540B1D98545F00723A61 /* Debug */,
				76D3540C1D98545F00723A61 /* Release */,
			);
			defaultConfigurationIsVisible = 0;
			defaultConfigurationName = Release;
		};
/* End XCConfigurationList section */

/* Begin XCVersionGroup section */
		7606828E1DD4F89F00696589 /* Showtime.xcdatamodeld */ = {
			isa = XCVersionGroup;
			children = (
				7606828F1DD4F89F00696589 /* Showtime.xcdatamodel */,
			);
			currentVersion = 7606828F1DD4F89F00696589 /* Showtime.xcdatamodel */;
			path = Showtime.xcdatamodeld;
			sourceTree = "<group>";
			versionGroupType = wrapper.xcdatamodel;
		};
/* End XCVersionGroup section */
	};
	rootObject = 76935F691D96CF17004CFDF0 /* Project object */;
}
